
Microsoft Visual Studio Solution File, Format Version 12.00
# Visual Studio Version 17
VisualStudioVersion = 17.3.32825.248
MinimumVisualStudioVersion = 10.0.40219.1
Project("{FAE04EC0-301F-11D3-BF4B-00C04F79EFBC}") = "tarea2", "tarea2\tarea2.csproj", "{3BEAB115-32D3-4A8A-B6D1-5C000EFCA8BB}"
EndProject
Project("{FAE04EC0-301F-11D3-BF4B-00C04F79EFBC}") = "CS_Prosesos", "CS_Prosesos\CS_Prosesos.csproj", "{0DFD8BC3-AEC1-4114-8E6C-7D9A6976974F}"
EndProject
Project("{2150E333-8FDC-42A3-9474-1A3956D46DE8}") = "Elementos de la solución", "Elementos de la solución", "{3993B235-3227-4B8F-82B5-05DCE554D80E}"
EndProject
Global
	GlobalSection(SolutionConfigurationPlatforms) = preSolution
		Debug|Any CPU = Debug|Any CPU
		Release|Any CPU = Release|Any CPU
	EndGlobalSection
	GlobalSection(ProjectConfigurationPlatforms) = postSolution
		{3BEAB115-32D3-4A8A-B6D1-5C000EFCA8BB}.Debug|Any CPU.ActiveCfg = Debug|Any CPU
		{3BEAB115-32D3-4A8A-B6D1-5C000EFCA8BB}.Debug|Any CPU.Build.0 = Debug|Any CPU
		{3BEAB115-32D3-4A8A-B6D1-5C000EFCA8BB}.Release|Any CPU.ActiveCfg = Release|Any CPU
		{3BEAB115-32D3-4A8A-B6D1-5C000EFCA8BB}.Release|Any CPU.Build.0 = Release|Any CPU
		{0DFD8BC3-AEC1-4114-8E6C-7D9A6976974F}.Debug|Any CPU.ActiveCfg = Debug|Any CPU
		{0DFD8BC3-AEC1-4114-8E6C-7D9A6976974F}.Debug|Any CPU.Build.0 = Debug|Any CPU
		{0DFD8BC3-AEC1-4114-8E6C-7D9A6976974F}.Release|Any CPU.ActiveCfg = Release|Any CPU
		{0DFD8BC3-AEC1-4114-8E6C-7D9A6976974F}.Release|Any CPU.Build.0 = Release|Any CPU
	EndGlobalSection
	GlobalSection(SolutionProperties) = preSolution
		HideSolutionNode = FALSE
	EndGlobalSection
	GlobalSection(ExtensibilityGlobals) = postSolution
		SolutionGuid = {D587ECD1-6926-4101-9919-B8125EC40113}
	EndGlobalSection
EndGlobal
